{
  "name": "router-trie",
  "lockfileVersion": 2,
  "requires": true,
  "packages": {
    "": {
      "name": "router-trie",
      "devDependencies": {
        "@types/deep-equal": "^1.0.1",
        "@types/node": "^18.11.17",
        "expect": "^29.3.1",
        "tsx": "^3.12.1"
      }
    },
    "node_modules/@babel/code-frame": {
      "version": "7.18.6",
      "dev": true,
      "license": "MIT",
      "dependencies": {
        "@babel/highlight": "^7.18.6"
      },
      "engines": {
        "node": ">=6.9.0"
      }
    },
    "node_modules/@babel/helper-validator-identifier": {
      "version": "7.19.1",
      "dev": true,
      "license": "MIT",
      "engines": {
        "node": ">=6.9.0"
      }
    },
    "node_modules/@babel/highlight": {
      "version": "7.18.6",
      "dev": true,
      "license": "MIT",
      "dependencies": {
        "@babel/helper-validator-identifier": "^7.18.6",
        "chalk": "^2.0.0",
        "js-tokens": "^4.0.0"
      },
      "engines": {
        "node": ">=6.9.0"
      }
    },
    "node_modules/@babel/highlight/node_modules/ansi-styles": {
      "version": "3.2.1",
      "dev": true,
      "license": "MIT",
      "dependencies": {
        "color-convert": "^1.9.0"
      },
      "engines": {
        "node": ">=4"
      }
    },
    "node_modules/@babel/highlight/node_modules/chalk": {
      "version": "2.4.2",
      "dev": true,
      "license": "MIT",
      "dependencies": {
        "ansi-styles": "^3.2.1",
        "escape-string-regexp": "^1.0.5",
        "supports-color": "^5.3.0"
      },
      "engines": {
        "node": ">=4"
      }
    },
    "node_modules/@babel/highlight/node_modules/color-convert": {
      "version": "1.9.3",
      "dev": true,
      "license": "MIT",
      "dependencies": {
        "color-name": "1.1.3"
      }
    },
    "node_modules/@babel/highlight/node_modules/color-name": {
      "version": "1.1.3",
      "dev": true,
      "license": "MIT"
    },
    "node_modules/@babel/highlight/node_modules/escape-string-regexp": {
      "version": "1.0.5",
      "dev": true,
      "license": "MIT",
      "engines": {
        "node": ">=0.8.0"
      }
    },
    "node_modules/@babel/highlight/node_modules/has-flag": {
      "version": "3.0.0",
      "dev": true,
      "license": "MIT",
      "engines": {
        "node": ">=4"
      }
    },
    "node_modules/@babel/highlight/node_modules/supports-color": {
      "version": "5.5.0",
      "dev": true,
      "license": "MIT",
      "dependencies": {
        "has-flag": "^3.0.0"
      },
      "engines": {
        "node": ">=4"
      }
    },
    "node_modules/@esbuild-kit/cjs-loader": {
      "version": "2.4.1",
      "resolved": "https://registry.npmjs.org/@esbuild-kit/cjs-loader/-/cjs-loader-2.4.1.tgz",
      "integrity": "sha512-lhc/XLith28QdW0HpHZvZKkorWgmCNT7sVelMHDj3HFdTfdqkwEKvT+aXVQtNAmCC39VJhunDkWhONWB7335mg==",
      "dev": true,
      "dependencies": {
        "@esbuild-kit/core-utils": "^3.0.0",
        "get-tsconfig": "^4.2.0"
      }
    },
    "node_modules/@esbuild-kit/core-utils": {
      "version": "3.0.0",
      "resolved": "https://registry.npmjs.org/@esbuild-kit/core-utils/-/core-utils-3.0.0.tgz",
      "integrity": "sha512-TXmwH9EFS3DC2sI2YJWJBgHGhlteK0Xyu1VabwetMULfm3oYhbrsWV5yaSr2NTWZIgDGVLHbRf0inxbjXqAcmQ==",
      "dev": true,
      "dependencies": {
        "esbuild": "~0.15.10",
        "source-map-support": "^0.5.21"
      }
    },
    "node_modules/@esbuild-kit/core-utils/node_modules/@esbuild/android-arm": {
      "version": "0.15.18",
      "resolved": "https://registry.npmjs.org/@esbuild/android-arm/-/android-arm-0.15.18.tgz",
      "integrity": "sha512-5GT+kcs2WVGjVs7+boataCkO5Fg0y4kCjzkB5bAip7H4jfnOS3dA6KPiww9W1OEKTKeAcUVhdZGvgI65OXmUnw==",
      "cpu": [
        "arm"
      ],
      "dev": true,
      "optional": true,
      "os": [
        "android"
      ],
      "engines": {
        "node": ">=12"
      }
    },
    "node_modules/@esbuild-kit/core-utils/node_modules/@esbuild/linux-loong64": {
      "version": "0.15.18",
      "resolved": "https://registry.npmjs.org/@esbuild/linux-loong64/-/linux-loong64-0.15.18.tgz",
      "integrity": "sha512-L4jVKS82XVhw2nvzLg/19ClLWg0y27ulRwuP7lcyL6AbUWB5aPglXY3M21mauDQMDfRLs8cQmeT03r/+X3cZYQ==",
      "cpu": [
        "loong64"
      ],
      "dev": true,
      "optional": true,
      "os": [
        "linux"
      ],
      "engines": {
        "node": ">=12"
      }
    },
    "node_modules/@esbuild-kit/core-utils/node_modules/esbuild": {
      "version": "0.15.18",
      "resolved": "https://registry.npmjs.org/esbuild/-/esbuild-0.15.18.tgz",
      "integrity": "sha512-x/R72SmW3sSFRm5zrrIjAhCeQSAWoni3CmHEqfQrZIQTM3lVCdehdwuIqaOtfC2slvpdlLa62GYoN8SxT23m6Q==",
      "dev": true,
      "hasInstallScript": true,
      "bin": {
        "esbuild": "bin/esbuild"
      },
      "engines": {
        "node": ">=12"
      },
      "optionalDependencies": {
        "@esbuild/android-arm": "0.15.18",
        "@esbuild/linux-loong64": "0.15.18",
        "esbuild-android-64": "0.15.18",
        "esbuild-android-arm64": "0.15.18",
        "esbuild-darwin-64": "0.15.18",
        "esbuild-darwin-arm64": "0.15.18",
        "esbuild-freebsd-64": "0.15.18",
        "esbuild-freebsd-arm64": "0.15.18",
        "esbuild-linux-32": "0.15.18",
        "esbuild-linux-64": "0.15.18",
        "esbuild-linux-arm": "0.15.18",
        "esbuild-linux-arm64": "0.15.18",
        "esbuild-linux-mips64le": "0.15.18",
        "esbuild-linux-ppc64le": "0.15.18",
        "esbuild-linux-riscv64": "0.15.18",
        "esbuild-linux-s390x": "0.15.18",
        "esbuild-netbsd-64": "0.15.18",
        "esbuild-openbsd-64": "0.15.18",
        "esbuild-sunos-64": "0.15.18",
        "esbuild-windows-32": "0.15.18",
        "esbuild-windows-64": "0.15.18",
        "esbuild-windows-arm64": "0.15.18"
      }
    },
    "node_modules/@esbuild-kit/esm-loader": {
      "version": "2.5.4",
      "resolved": "https://registry.npmjs.org/@esbuild-kit/esm-loader/-/esm-loader-2.5.4.tgz",
      "integrity": "sha512-afmtLf6uqxD5IgwCzomtqCYIgz/sjHzCWZFvfS5+FzeYxOURPUo4QcHtqJxbxWOMOogKriZanN/1bJQE/ZL93A==",
      "dev": true,
      "dependencies": {
        "@esbuild-kit/core-utils": "^3.0.0",
        "get-tsconfig": "^4.2.0"
      }
    },
    "node_modules/@jest/expect-utils": {
      "version": "29.3.1",
      "dev": true,
      "license": "MIT",
      "dependencies": {
        "jest-get-type": "^29.2.0"
      },
      "engines": {
        "node": "^14.15.0 || ^16.10.0 || >=18.0.0"
      }
    },
    "node_modules/@jest/schemas": {
      "version": "29.0.0",
      "dev": true,
      "license": "MIT",
      "dependencies": {
        "@sinclair/typebox": "^0.24.1"
      },
      "engines": {
        "node": "^14.15.0 || ^16.10.0 || >=18.0.0"
      }
    },
    "node_modules/@jest/types": {
      "version": "29.3.1",
      "dev": true,
      "license": "MIT",
      "dependencies": {
        "@jest/schemas": "^29.0.0",
        "@types/istanbul-lib-coverage": "^2.0.0",
        "@types/istanbul-reports": "^3.0.0",
        "@types/node": "*",
        "@types/yargs": "^17.0.8",
        "chalk": "^4.0.0"
      },
      "engines": {
        "node": "^14.15.0 || ^16.10.0 || >=18.0.0"
      }
    },
    "node_modules/@sinclair/typebox": {
      "version": "0.24.51",
      "dev": true,
      "license": "MIT"
    },
    "node_modules/@types/deep-equal": {
      "version": "1.0.1",
      "dev": true,
      "license": "MIT"
    },
    "node_modules/@types/istanbul-lib-coverage": {
      "version": "2.0.4",
      "dev": true,
      "license": "MIT"
    },
    "node_modules/@types/istanbul-lib-report": {
      "version": "3.0.0",
      "dev": true,
      "license": "MIT",
      "dependencies": {
        "@types/istanbul-lib-coverage": "*"
      }
    },
    "node_modules/@types/istanbul-reports": {
      "version": "3.0.1",
      "dev": true,
      "license": "MIT",
      "dependencies": {
        "@types/istanbul-lib-report": "*"
      }
    },
    "node_modules/@types/node": {
      "version": "18.11.17",
      "resolved": "https://registry.npmjs.org/@types/node/-/node-18.11.17.tgz",
      "integrity": "sha512-HJSUJmni4BeDHhfzn6nF0sVmd1SMezP7/4F0Lq+aXzmp2xm9O7WXrUtHW/CHlYVtZUbByEvWidHqRtcJXGF2Ng==",
      "dev": true
    },
    "node_modules/@types/stack-utils": {
      "version": "2.0.1",
      "dev": true,
      "license": "MIT"
    },
    "node_modules/@types/yargs": {
      "version": "17.0.17",
      "dev": true,
      "license": "MIT",
      "dependencies": {
        "@types/yargs-parser": "*"
      }
    },
    "node_modules/@types/yargs-parser": {
      "version": "20.2.2",
      "dev": true,
      "license": "MIT"
    },
    "node_modules/ansi-styles": {
      "version": "4.3.0",
      "dev": true,
      "license": "MIT",
      "dependencies": {
        "color-convert": "^2.0.1"
      },
      "engines": {
        "node": ">=8"
      },
      "funding": {
        "url": "https://github.com/chalk/ansi-styles?sponsor=1"
      }
    },
    "node_modules/braces": {
      "version": "3.0.2",
      "dev": true,
      "license": "MIT",
      "dependencies": {
        "fill-range": "^7.0.1"
      },
      "engines": {
        "node": ">=8"
      }
    },
    "node_modules/buffer-from": {
      "version": "1.1.2",
      "resolved": "https://registry.npmjs.org/buffer-from/-/buffer-from-1.1.2.tgz",
      "integrity": "sha512-E+XQCRwSbaaiChtv6k6Dwgc+bx+Bs6vuKJHHl5kox/BaKbhiXzqQOwK4cO22yElGp2OCmjwVhT3HmxgyPGnJfQ==",
      "dev": true
    },
    "node_modules/chalk": {
      "version": "4.1.2",
      "dev": true,
      "license": "MIT",
      "dependencies": {
        "ansi-styles": "^4.1.0",
        "supports-color": "^7.1.0"
      },
      "engines": {
        "node": ">=10"
      },
      "funding": {
        "url": "https://github.com/chalk/chalk?sponsor=1"
      }
    },
    "node_modules/ci-info": {
      "version": "3.7.0",
      "dev": true,
      "license": "MIT",
      "engines": {
        "node": ">=8"
      }
    },
    "node_modules/color-convert": {
      "version": "2.0.1",
      "dev": true,
      "license": "MIT",
      "dependencies": {
        "color-name": "~1.1.4"
      },
      "engines": {
        "node": ">=7.0.0"
      }
    },
    "node_modules/color-name": {
      "version": "1.1.4",
      "dev": true,
      "license": "MIT"
    },
    "node_modules/diff-sequences": {
      "version": "29.3.1",
      "dev": true,
      "license": "MIT",
      "engines": {
        "node": "^14.15.0 || ^16.10.0 || >=18.0.0"
      }
    },
    "node_modules/esbuild-android-64": {
      "version": "0.15.18",
      "resolved": "https://registry.npmjs.org/esbuild-android-64/-/esbuild-android-64-0.15.18.tgz",
      "integrity": "sha512-wnpt3OXRhcjfIDSZu9bnzT4/TNTDsOUvip0foZOUBG7QbSt//w3QV4FInVJxNhKc/ErhUxc5z4QjHtMi7/TbgA==",
      "cpu": [
        "x64"
      ],
      "dev": true,
      "optional": true,
      "os": [
        "android"
      ],
      "engines": {
        "node": ">=12"
      }
    },
    "node_modules/esbuild-android-arm64": {
      "version": "0.15.18",
      "resolved": "https://registry.npmjs.org/esbuild-android-arm64/-/esbuild-android-arm64-0.15.18.tgz",
      "integrity": "sha512-G4xu89B8FCzav9XU8EjsXacCKSG2FT7wW9J6hOc18soEHJdtWu03L3TQDGf0geNxfLTtxENKBzMSq9LlbjS8OQ==",
      "cpu": [
        "arm64"
      ],
      "dev": true,
      "optional": true,
      "os": [
        "android"
      ],
      "engines": {
        "node": ">=12"
      }
    },
    "node_modules/esbuild-darwin-64": {
      "version": "0.15.18",
      "resolved": "https://registry.npmjs.org/esbuild-darwin-64/-/esbuild-darwin-64-0.15.18.tgz",
      "integrity": "sha512-2WAvs95uPnVJPuYKP0Eqx+Dl/jaYseZEUUT1sjg97TJa4oBtbAKnPnl3b5M9l51/nbx7+QAEtuummJZW0sBEmg==",
      "cpu": [
        "x64"
      ],
      "dev": true,
      "optional": true,
      "os": [
        "darwin"
      ],
      "engines": {
        "node": ">=12"
      }
    },
    "node_modules/esbuild-darwin-arm64": {
      "version": "0.15.18",
      "resolved": "https://registry.npmjs.org/esbuild-darwin-arm64/-/esbuild-darwin-arm64-0.15.18.tgz",
      "integrity": "sha512-tKPSxcTJ5OmNb1btVikATJ8NftlyNlc8BVNtyT/UAr62JFOhwHlnoPrhYWz09akBLHI9nElFVfWSTSRsrZiDUA==",
      "cpu": [
        "arm64"
      ],
      "dev": true,
      "optional": true,
      "os": [
        "darwin"
      ],
      "engines": {
        "node": ">=12"
      }
    },
    "node_modules/esbuild-freebsd-64": {
      "version": "0.15.18",
      "resolved": "https://registry.npmjs.org/esbuild-freebsd-64/-/esbuild-freebsd-64-0.15.18.tgz",
      "integrity": "sha512-TT3uBUxkteAjR1QbsmvSsjpKjOX6UkCstr8nMr+q7zi3NuZ1oIpa8U41Y8I8dJH2fJgdC3Dj3CXO5biLQpfdZA==",
      "cpu": [
        "x64"
      ],
      "dev": true,
      "optional": true,
      "os": [
        "freebsd"
      ],
      "engines": {
        "node": ">=12"
      }
    },
    "node_modules/esbuild-freebsd-arm64": {
      "version": "0.15.18",
      "resolved": "https://registry.npmjs.org/esbuild-freebsd-arm64/-/esbuild-freebsd-arm64-0.15.18.tgz",
      "integrity": "sha512-R/oVr+X3Tkh+S0+tL41wRMbdWtpWB8hEAMsOXDumSSa6qJR89U0S/PpLXrGF7Wk/JykfpWNokERUpCeHDl47wA==",
      "cpu": [
        "arm64"
      ],
      "dev": true,
      "optional": true,
      "os": [
        "freebsd"
      ],
      "engines": {
        "node": ">=12"
      }
    },
    "node_modules/esbuild-linux-32": {
      "version": "0.15.18",
      "resolved": "https://registry.npmjs.org/esbuild-linux-32/-/esbuild-linux-32-0.15.18.tgz",
      "integrity": "sha512-lphF3HiCSYtaa9p1DtXndiQEeQDKPl9eN/XNoBf2amEghugNuqXNZA/ZovthNE2aa4EN43WroO0B85xVSjYkbg==",
      "cpu": [
        "ia32"
      ],
      "dev": true,
      "optional": true,
      "os": [
        "linux"
      ],
      "engines": {
        "node": ">=12"
      }
    },
    "node_modules/esbuild-linux-64": {
      "version": "0.15.18",
      "resolved": "https://registry.npmjs.org/esbuild-linux-64/-/esbuild-linux-64-0.15.18.tgz",
      "integrity": "sha512-hNSeP97IviD7oxLKFuii5sDPJ+QHeiFTFLoLm7NZQligur8poNOWGIgpQ7Qf8Balb69hptMZzyOBIPtY09GZYw==",
      "cpu": [
        "x64"
      ],
      "dev": true,
      "optional": true,
      "os": [
        "linux"
      ],
      "engines": {
        "node": ">=12"
      }
    },
    "node_modules/esbuild-linux-arm": {
      "version": "0.15.18",
      "resolved": "https://registry.npmjs.org/esbuild-linux-arm/-/esbuild-linux-arm-0.15.18.tgz",
      "integrity": "sha512-UH779gstRblS4aoS2qpMl3wjg7U0j+ygu3GjIeTonCcN79ZvpPee12Qun3vcdxX+37O5LFxz39XeW2I9bybMVA==",
      "cpu": [
        "arm"
      ],
      "dev": true,
      "optional": true,
      "os": [
        "linux"
      ],
      "engines": {
        "node": ">=12"
      }
    },
    "node_modules/esbuild-linux-arm64": {
      "version": "0.15.18",
      "resolved": "https://registry.npmjs.org/esbuild-linux-arm64/-/esbuild-linux-arm64-0.15.18.tgz",
      "integrity": "sha512-54qr8kg/6ilcxd+0V3h9rjT4qmjc0CccMVWrjOEM/pEcUzt8X62HfBSeZfT2ECpM7104mk4yfQXkosY8Quptug==",
      "cpu": [
        "arm64"
      ],
      "dev": true,
      "optional": true,
      "os": [
        "linux"
      ],
      "engines": {
        "node": ">=12"
      }
    },
    "node_modules/esbuild-linux-mips64le": {
      "version": "0.15.18",
      "resolved": "https://registry.npmjs.org/esbuild-linux-mips64le/-/esbuild-linux-mips64le-0.15.18.tgz",
      "integrity": "sha512-Mk6Ppwzzz3YbMl/ZZL2P0q1tnYqh/trYZ1VfNP47C31yT0K8t9s7Z077QrDA/guU60tGNp2GOwCQnp+DYv7bxQ==",
      "cpu": [
        "mips64el"
      ],
      "dev": true,
      "optional": true,
      "os": [
        "linux"
      ],
      "engines": {
        "node": ">=12"
      }
    },
    "node_modules/esbuild-linux-ppc64le": {
      "version": "0.15.18",
      "resolved": "https://registry.npmjs.org/esbuild-linux-ppc64le/-/esbuild-linux-ppc64le-0.15.18.tgz",
      "integrity": "sha512-b0XkN4pL9WUulPTa/VKHx2wLCgvIAbgwABGnKMY19WhKZPT+8BxhZdqz6EgkqCLld7X5qiCY2F/bfpUUlnFZ9w==",
      "cpu": [
        "ppc64"
      ],
      "dev": true,
      "optional": true,
      "os": [
        "linux"
      ],
      "engines": {
        "node": ">=12"
      }
    },
    "node_modules/esbuild-linux-riscv64": {
      "version": "0.15.18",
      "resolved": "https://registry.npmjs.org/esbuild-linux-riscv64/-/esbuild-linux-riscv64-0.15.18.tgz",
      "integrity": "sha512-ba2COaoF5wL6VLZWn04k+ACZjZ6NYniMSQStodFKH/Pu6RxzQqzsmjR1t9QC89VYJxBeyVPTaHuBMCejl3O/xg==",
      "cpu": [
        "riscv64"
      ],
      "dev": true,
      "optional": true,
      "os": [
        "linux"
      ],
      "engines": {
        "node": ">=12"
      }
    },
    "node_modules/esbuild-linux-s390x": {
      "version": "0.15.18",
      "resolved": "https://registry.npmjs.org/esbuild-linux-s390x/-/esbuild-linux-s390x-0.15.18.tgz",
      "integrity": "sha512-VbpGuXEl5FCs1wDVp93O8UIzl3ZrglgnSQ+Hu79g7hZu6te6/YHgVJxCM2SqfIila0J3k0csfnf8VD2W7u2kzQ==",
      "cpu": [
        "s390x"
      ],
      "dev": true,
      "optional": true,
      "os": [
        "linux"
      ],
      "engines": {
        "node": ">=12"
      }
    },
    "node_modules/esbuild-netbsd-64": {
      "version": "0.15.18",
      "resolved": "https://registry.npmjs.org/esbuild-netbsd-64/-/esbuild-netbsd-64-0.15.18.tgz",
      "integrity": "sha512-98ukeCdvdX7wr1vUYQzKo4kQ0N2p27H7I11maINv73fVEXt2kyh4K4m9f35U1K43Xc2QGXlzAw0K9yoU7JUjOg==",
      "cpu": [
        "x64"
      ],
      "dev": true,
      "optional": true,
      "os": [
        "netbsd"
      ],
      "engines": {
        "node": ">=12"
      }
    },
    "node_modules/esbuild-openbsd-64": {
      "version": "0.15.18",
      "resolved": "https://registry.npmjs.org/esbuild-openbsd-64/-/esbuild-openbsd-64-0.15.18.tgz",
      "integrity": "sha512-yK5NCcH31Uae076AyQAXeJzt/vxIo9+omZRKj1pauhk3ITuADzuOx5N2fdHrAKPxN+zH3w96uFKlY7yIn490xQ==",
      "cpu": [
        "x64"
      ],
      "dev": true,
      "optional": true,
      "os": [
        "openbsd"
      ],
      "engines": {
        "node": ">=12"
      }
    },
    "node_modules/esbuild-sunos-64": {
      "version": "0.15.18",
      "resolved": "https://registry.npmjs.org/esbuild-sunos-64/-/esbuild-sunos-64-0.15.18.tgz",
      "integrity": "sha512-On22LLFlBeLNj/YF3FT+cXcyKPEI263nflYlAhz5crxtp3yRG1Ugfr7ITyxmCmjm4vbN/dGrb/B7w7U8yJR9yw==",
      "cpu": [
        "x64"
      ],
      "dev": true,
      "optional": true,
      "os": [
        "sunos"
      ],
      "engines": {
        "node": ">=12"
      }
    },
    "node_modules/esbuild-windows-32": {
      "version": "0.15.18",
      "resolved": "https://registry.npmjs.org/esbuild-windows-32/-/esbuild-windows-32-0.15.18.tgz",
      "integrity": "sha512-o+eyLu2MjVny/nt+E0uPnBxYuJHBvho8vWsC2lV61A7wwTWC3jkN2w36jtA+yv1UgYkHRihPuQsL23hsCYGcOQ==",
      "cpu": [
        "ia32"
      ],
      "dev": true,
      "optional": true,
      "os": [
        "win32"
      ],
      "engines": {
        "node": ">=12"
      }
    },
    "node_modules/esbuild-windows-64": {
      "version": "0.15.18",
      "resolved": "https://registry.npmjs.org/esbuild-windows-64/-/esbuild-windows-64-0.15.18.tgz",
      "integrity": "sha512-qinug1iTTaIIrCorAUjR0fcBk24fjzEedFYhhispP8Oc7SFvs+XeW3YpAKiKp8dRpizl4YYAhxMjlftAMJiaUw==",
      "cpu": [
        "x64"
      ],
      "dev": true,
      "optional": true,
      "os": [
        "win32"
      ],
      "engines": {
        "node": ">=12"
      }
    },
    "node_modules/esbuild-windows-arm64": {
      "version": "0.15.18",
      "resolved": "https://registry.npmjs.org/esbuild-windows-arm64/-/esbuild-windows-arm64-0.15.18.tgz",
      "integrity": "sha512-q9bsYzegpZcLziq0zgUi5KqGVtfhjxGbnksaBFYmWLxeV/S1fK4OLdq2DFYnXcLMjlZw2L0jLsk1eGoB522WXQ==",
      "cpu": [
        "arm64"
      ],
      "dev": true,
      "optional": true,
      "os": [
        "win32"
      ],
      "engines": {
        "node": ">=12"
      }
    },
    "node_modules/escape-string-regexp": {
      "version": "2.0.0",
      "dev": true,
      "license": "MIT",
      "engines": {
        "node": ">=8"
      }
    },
    "node_modules/expect": {
      "version": "29.3.1",
      "dev": true,
      "license": "MIT",
      "dependencies": {
        "@jest/expect-utils": "^29.3.1",
        "jest-get-type": "^29.2.0",
        "jest-matcher-utils": "^29.3.1",
        "jest-message-util": "^29.3.1",
        "jest-util": "^29.3.1"
      },
      "engines": {
        "node": "^14.15.0 || ^16.10.0 || >=18.0.0"
      }
    },
    "node_modules/fill-range": {
      "version": "7.0.1",
      "dev": true,
      "license": "MIT",
      "dependencies": {
        "to-regex-range": "^5.0.1"
      },
      "engines": {
        "node": ">=8"
      }
    },
    "node_modules/fsevents": {
      "version": "2.3.2",
      "resolved": "https://registry.npmjs.org/fsevents/-/fsevents-2.3.2.tgz",
      "integrity": "sha512-xiqMQR4xAeHTuB9uWm+fFRcIOgKBMiOBP+eXiyT7jsgVCq1bkVygt00oASowB7EdtpOHaaPgKt812P9ab+DDKA==",
      "dev": true,
      "hasInstallScript": true,
      "optional": true,
      "os": [
        "darwin"
      ],
      "engines": {
        "node": "^8.16.0 || ^10.6.0 || >=11.0.0"
      }
    },
    "node_modules/get-tsconfig": {
      "version": "4.2.0",
      "resolved": "https://registry.npmjs.org/get-tsconfig/-/get-tsconfig-4.2.0.tgz",
      "integrity": "sha512-X8u8fREiYOE6S8hLbq99PeykTDoLVnxvF4DjWKJmz9xy2nNRdUcV8ZN9tniJFeKyTU3qnC9lL8n4Chd6LmVKHg==",
      "dev": true,
      "funding": {
        "url": "https://github.com/privatenumber/get-tsconfig?sponsor=1"
      }
    },
    "node_modules/graceful-fs": {
      "version": "4.2.10",
      "dev": true,
      "license": "ISC"
    },
    "node_modules/has-flag": {
      "version": "4.0.0",
      "dev": true,
      "license": "MIT",
      "engines": {
        "node": ">=8"
      }
    },
    "node_modules/is-number": {
      "version": "7.0.0",
      "dev": true,
      "license": "MIT",
      "engines": {
        "node": ">=0.12.0"
      }
    },
    "node_modules/jest-diff": {
      "version": "29.3.1",
      "dev": true,
      "license": "MIT",
      "dependencies": {
        "chalk": "^4.0.0",
        "diff-sequences": "^29.3.1",
        "jest-get-type": "^29.2.0",
        "pretty-format": "^29.3.1"
      },
      "engines": {
        "node": "^14.15.0 || ^16.10.0 || >=18.0.0"
      }
    },
    "node_modules/jest-get-type": {
      "version": "29.2.0",
      "dev": true,
      "license": "MIT",
      "engines": {
        "node": "^14.15.0 || ^16.10.0 || >=18.0.0"
      }
    },
    "node_modules/jest-matcher-utils": {
      "version": "29.3.1",
      "dev": true,
      "license": "MIT",
      "dependencies": {
        "chalk": "^4.0.0",
        "jest-diff": "^29.3.1",
        "jest-get-type": "^29.2.0",
        "pretty-format": "^29.3.1"
      },
      "engines": {
        "node": "^14.15.0 || ^16.10.0 || >=18.0.0"
      }
    },
    "node_modules/jest-message-util": {
      "version": "29.3.1",
      "dev": true,
      "license": "MIT",
      "dependencies": {
        "@babel/code-frame": "^7.12.13",
        "@jest/types": "^29.3.1",
        "@types/stack-utils": "^2.0.0",
        "chalk": "^4.0.0",
        "graceful-fs": "^4.2.9",
        "micromatch": "^4.0.4",
        "pretty-format": "^29.3.1",
        "slash": "^3.0.0",
        "stack-utils": "^2.0.3"
      },
      "engines": {
        "node": "^14.15.0 || ^16.10.0 || >=18.0.0"
      }
    },
    "node_modules/jest-util": {
      "version": "29.3.1",
      "dev": true,
      "license": "MIT",
      "dependencies": {
        "@jest/types": "^29.3.1",
        "@types/node": "*",
        "chalk": "^4.0.0",
        "ci-info": "^3.2.0",
        "graceful-fs": "^4.2.9",
        "picomatch": "^2.2.3"
      },
      "engines": {
        "node": "^14.15.0 || ^16.10.0 || >=18.0.0"
      }
    },
    "node_modules/js-tokens": {
      "version": "4.0.0",
      "dev": true,
      "license": "MIT"
    },
    "node_modules/micromatch": {
      "version": "4.0.5",
      "dev": true,
      "license": "MIT",
      "dependencies": {
        "braces": "^3.0.2",
        "picomatch": "^2.3.1"
      },
      "engines": {
        "node": ">=8.6"
      }
    },
    "node_modules/picomatch": {
      "version": "2.3.1",
      "dev": true,
      "license": "MIT",
      "engines": {
        "node": ">=8.6"
      },
      "funding": {
        "url": "https://github.com/sponsors/jonschlinkert"
      }
    },
    "node_modules/pretty-format": {
      "version": "29.3.1",
      "dev": true,
      "license": "MIT",
      "dependencies": {
        "@jest/schemas": "^29.0.0",
        "ansi-styles": "^5.0.0",
        "react-is": "^18.0.0"
      },
      "engines": {
        "node": "^14.15.0 || ^16.10.0 || >=18.0.0"
      }
    },
    "node_modules/pretty-format/node_modules/ansi-styles": {
      "version": "5.2.0",
      "dev": true,
      "license": "MIT",
      "engines": {
        "node": ">=10"
      },
      "funding": {
        "url": "https://github.com/chalk/ansi-styles?sponsor=1"
      }
    },
    "node_modules/react-is": {
      "version": "18.2.0",
      "dev": true,
      "license": "MIT"
    },
    "node_modules/slash": {
      "version": "3.0.0",
      "dev": true,
      "license": "MIT",
      "engines": {
        "node": ">=8"
      }
    },
    "node_modules/source-map": {
      "version": "0.6.1",
      "resolved": "https://registry.npmjs.org/source-map/-/source-map-0.6.1.tgz",
      "integrity": "sha512-UjgapumWlbMhkBgzT7Ykc5YXUT46F0iKu8SGXq0bcwP5dz/h0Plj6enJqjz1Zbq2l5WaqYnrVbwWOWMyF3F47g==",
      "dev": true,
      "engines": {
        "node": ">=0.10.0"
      }
    },
    "node_modules/source-map-support": {
      "version": "0.5.21",
      "resolved": "https://registry.npmjs.org/source-map-support/-/source-map-support-0.5.21.tgz",
      "integrity": "sha512-uBHU3L3czsIyYXKX88fdrGovxdSCoTGDRZ6SYXtSRxLZUzHg5P/66Ht6uoUlHu9EZod+inXhKo3qQgwXUT/y1w==",
      "dev": true,
      "dependencies": {
        "buffer-from": "^1.0.0",
        "source-map": "^0.6.0"
      }
    },
    "node_modules/stack-utils": {
      "version": "2.0.6",
      "dev": true,
      "license": "MIT",
      "dependencies": {
        "escape-string-regexp": "^2.0.0"
      },
      "engines": {
        "node": ">=10"
      }
    },
    "node_modules/supports-color": {
      "version": "7.2.0",
      "dev": true,
      "license": "MIT",
      "dependencies": {
        "has-flag": "^4.0.0"
      },
      "engines": {
        "node": ">=8"
      }
    },
    "node_modules/to-regex-range": {
      "version": "5.0.1",
      "dev": true,
      "license": "MIT",
      "dependencies": {
        "is-number": "^7.0.0"
      },
      "engines": {
        "node": ">=8.0"
      }
    },
    "node_modules/tsx": {
      "version": "3.12.1",
      "resolved": "https://registry.npmjs.org/tsx/-/tsx-3.12.1.tgz",
      "integrity": "sha512-Rcg1x+rNe7qwlP8j7kx4VjP/pJo/V57k+17hlrn6a7FuQLNwkaw5W4JF75tYornNVCxkXdSUnqlIT8JY/ttvIw==",
      "dev": true,
      "dependencies": {
        "@esbuild-kit/cjs-loader": "^2.4.0",
        "@esbuild-kit/core-utils": "^3.0.0",
        "@esbuild-kit/esm-loader": "^2.5.0"
      },
      "bin": {
        "tsx": "dist/cli.js"
      },
      "optionalDependencies": {
        "fsevents": "~2.3.2"
      }
    }
  },
  "dependencies": {
    "@babel/code-frame": {
      "version": "7.18.6",
      "dev": true,
      "requires": {
        "@babel/highlight": "^7.18.6"
      }
    },
    "@babel/helper-validator-identifier": {
      "version": "7.19.1",
      "dev": true
    },
    "@babel/highlight": {
      "version": "7.18.6",
      "dev": true,
      "requires": {
        "@babel/helper-validator-identifier": "^7.18.6",
        "chalk": "^2.0.0",
        "js-tokens": "^4.0.0"
      },
      "dependencies": {
        "ansi-styles": {
          "version": "3.2.1",
          "dev": true,
          "requires": {
            "color-convert": "^1.9.0"
          }
        },
        "chalk": {
          "version": "2.4.2",
          "dev": true,
          "requires": {
            "ansi-styles": "^3.2.1",
            "escape-string-regexp": "^1.0.5",
            "supports-color": "^5.3.0"
          }
        },
        "color-convert": {
          "version": "1.9.3",
          "dev": true,
          "requires": {
            "color-name": "1.1.3"
          }
        },
        "color-name": {
          "version": "1.1.3",
          "dev": true
        },
        "escape-string-regexp": {
          "version": "1.0.5",
          "dev": true
        },
        "has-flag": {
          "version": "3.0.0",
          "dev": true
        },
        "supports-color": {
          "version": "5.5.0",
          "dev": true,
          "requires": {
            "has-flag": "^3.0.0"
          }
        }
      }
    },
    "@esbuild-kit/cjs-loader": {
      "version": "2.4.1",
      "resolved": "https://registry.npmjs.org/@esbuild-kit/cjs-loader/-/cjs-loader-2.4.1.tgz",
      "integrity": "sha512-lhc/XLith28QdW0HpHZvZKkorWgmCNT7sVelMHDj3HFdTfdqkwEKvT+aXVQtNAmCC39VJhunDkWhONWB7335mg==",
      "dev": true,
      "requires": {
        "@esbuild-kit/core-utils": "^3.0.0",
        "get-tsconfig": "^4.2.0"
      }
    },
    "@esbuild-kit/core-utils": {
      "version": "3.0.0",
      "resolved": "https://registry.npmjs.org/@esbuild-kit/core-utils/-/core-utils-3.0.0.tgz",
      "integrity": "sha512-TXmwH9EFS3DC2sI2YJWJBgHGhlteK0Xyu1VabwetMULfm3oYhbrsWV5yaSr2NTWZIgDGVLHbRf0inxbjXqAcmQ==",
      "dev": true,
      "requires": {
        "esbuild": "~0.15.10",
        "source-map-support": "^0.5.21"
      },
      "dependencies": {
        "@esbuild/android-arm": {
          "version": "0.15.18",
          "resolved": "https://registry.npmjs.org/@esbuild/android-arm/-/android-arm-0.15.18.tgz",
          "integrity": "sha512-5GT+kcs2WVGjVs7+boataCkO5Fg0y4kCjzkB5bAip7H4jfnOS3dA6KPiww9W1OEKTKeAcUVhdZGvgI65OXmUnw==",
          "dev": true,
          "optional": true
        },
        "@esbuild/linux-loong64": {
          "version": "0.15.18",
          "resolved": "https://registry.npmjs.org/@esbuild/linux-loong64/-/linux-loong64-0.15.18.tgz",
          "integrity": "sha512-L4jVKS82XVhw2nvzLg/19ClLWg0y27ulRwuP7lcyL6AbUWB5aPglXY3M21mauDQMDfRLs8cQmeT03r/+X3cZYQ==",
          "dev": true,
          "optional": true
        },
        "esbuild": {
          "version": "0.15.18",
          "resolved": "https://registry.npmjs.org/esbuild/-/esbuild-0.15.18.tgz",
          "integrity": "sha512-x/R72SmW3sSFRm5zrrIjAhCeQSAWoni3CmHEqfQrZIQTM3lVCdehdwuIqaOtfC2slvpdlLa62GYoN8SxT23m6Q==",
          "dev": true,
          "requires": {
            "@esbuild/android-arm": "0.15.18",
            "@esbuild/linux-loong64": "0.15.18",
            "esbuild-android-64": "0.15.18",
            "esbuild-android-arm64": "0.15.18",
            "esbuild-darwin-64": "0.15.18",
            "esbuild-darwin-arm64": "0.15.18",
            "esbuild-freebsd-64": "0.15.18",
            "esbuild-freebsd-arm64": "0.15.18",
            "esbuild-linux-32": "0.15.18",
            "esbuild-linux-64": "0.15.18",
            "esbuild-linux-arm": "0.15.18",
            "esbuild-linux-arm64": "0.15.18",
            "esbuild-linux-mips64le": "0.15.18",
            "esbuild-linux-ppc64le": "0.15.18",
            "esbuild-linux-riscv64": "0.15.18",
            "esbuild-linux-s390x": "0.15.18",
            "esbuild-netbsd-64": "0.15.18",
            "esbuild-openbsd-64": "0.15.18",
            "esbuild-sunos-64": "0.15.18",
            "esbuild-windows-32": "0.15.18",
            "esbuild-windows-64": "0.15.18",
            "esbuild-windows-arm64": "0.15.18"
          }
        }
      }
    },
    "@esbuild-kit/esm-loader": {
      "version": "2.5.4",
      "resolved": "https://registry.npmjs.org/@esbuild-kit/esm-loader/-/esm-loader-2.5.4.tgz",
      "integrity": "sha512-afmtLf6uqxD5IgwCzomtqCYIgz/sjHzCWZFvfS5+FzeYxOURPUo4QcHtqJxbxWOMOogKriZanN/1bJQE/ZL93A==",
      "dev": true,
      "requires": {
        "@esbuild-kit/core-utils": "^3.0.0",
        "get-tsconfig": "^4.2.0"
      }
    },
    "@jest/expect-utils": {
      "version": "29.3.1",
      "dev": true,
      "requires": {
        "jest-get-type": "^29.2.0"
      }
    },
    "@jest/schemas": {
      "version": "29.0.0",
      "dev": true,
      "requires": {
        "@sinclair/typebox": "^0.24.1"
      }
    },
    "@jest/types": {
      "version": "29.3.1",
      "dev": true,
      "requires": {
        "@jest/schemas": "^29.0.0",
        "@types/istanbul-lib-coverage": "^2.0.0",
        "@types/istanbul-reports": "^3.0.0",
        "@types/node": "*",
        "@types/yargs": "^17.0.8",
        "chalk": "^4.0.0"
      }
    },
    "@sinclair/typebox": {
      "version": "0.24.51",
      "dev": true
    },
    "@types/deep-equal": {
      "version": "1.0.1",
      "dev": true
    },
    "@types/istanbul-lib-coverage": {
      "version": "2.0.4",
      "dev": true
    },
    "@types/istanbul-lib-report": {
      "version": "3.0.0",
      "dev": true,
      "requires": {
        "@types/istanbul-lib-coverage": "*"
      }
    },
    "@types/istanbul-reports": {
      "version": "3.0.1",
      "dev": true,
      "requires": {
        "@types/istanbul-lib-report": "*"
      }
    },
    "@types/node": {
      "version": "18.11.17",
      "resolved": "https://registry.npmjs.org/@types/node/-/node-18.11.17.tgz",
      "integrity": "sha512-HJSUJmni4BeDHhfzn6nF0sVmd1SMezP7/4F0Lq+aXzmp2xm9O7WXrUtHW/CHlYVtZUbByEvWidHqRtcJXGF2Ng==",
      "dev": true
    },
    "@types/stack-utils": {
      "version": "2.0.1",
      "dev": true
    },
    "@types/yargs": {
      "version": "17.0.17",
      "dev": true,
      "requires": {
        "@types/yargs-parser": "*"
      }
    },
    "@types/yargs-parser": {
      "version": "20.2.2",
      "dev": true
    },
    "ansi-styles": {
      "version": "4.3.0",
      "dev": true,
      "requires": {
        "color-convert": "^2.0.1"
      }
    },
    "braces": {
      "version": "3.0.2",
      "dev": true,
      "requires": {
        "fill-range": "^7.0.1"
      }
    },
    "buffer-from": {
      "version": "1.1.2",
      "resolved": "https://registry.npmjs.org/buffer-from/-/buffer-from-1.1.2.tgz",
      "integrity": "sha512-E+XQCRwSbaaiChtv6k6Dwgc+bx+Bs6vuKJHHl5kox/BaKbhiXzqQOwK4cO22yElGp2OCmjwVhT3HmxgyPGnJfQ==",
      "dev": true
    },
    "chalk": {
      "version": "4.1.2",
      "dev": true,
      "requires": {
        "ansi-styles": "^4.1.0",
        "supports-color": "^7.1.0"
      }
    },
    "ci-info": {
      "version": "3.7.0",
      "dev": true
    },
    "color-convert": {
      "version": "2.0.1",
      "dev": true,
      "requires": {
        "color-name": "~1.1.4"
      }
    },
    "color-name": {
      "version": "1.1.4",
      "dev": true
    },
    "diff-sequences": {
      "version": "29.3.1",
      "dev": true
    },
    "esbuild-android-64": {
      "version": "0.15.18",
      "resolved": "https://registry.npmjs.org/esbuild-android-64/-/esbuild-android-64-0.15.18.tgz",
      "integrity": "sha512-wnpt3OXRhcjfIDSZu9bnzT4/TNTDsOUvip0foZOUBG7QbSt//w3QV4FInVJxNhKc/ErhUxc5z4QjHtMi7/TbgA==",
      "dev": true,
      "optional": true
    },
    "esbuild-android-arm64": {
      "version": "0.15.18",
      "resolved": "https://registry.npmjs.org/esbuild-android-arm64/-/esbuild-android-arm64-0.15.18.tgz",
      "integrity": "sha512-G4xu89B8FCzav9XU8EjsXacCKSG2FT7wW9J6hOc18soEHJdtWu03L3TQDGf0geNxfLTtxENKBzMSq9LlbjS8OQ==",
      "dev": true,
      "optional": true
    },
    "esbuild-darwin-64": {
      "version": "0.15.18",
      "resolved": "https://registry.npmjs.org/esbuild-darwin-64/-/esbuild-darwin-64-0.15.18.tgz",
      "integrity": "sha512-2WAvs95uPnVJPuYKP0Eqx+Dl/jaYseZEUUT1sjg97TJa4oBtbAKnPnl3b5M9l51/nbx7+QAEtuummJZW0sBEmg==",
      "dev": true,
      "optional": true
    },
    "esbuild-darwin-arm64": {
      "version": "0.15.18",
      "resolved": "https://registry.npmjs.org/esbuild-darwin-arm64/-/esbuild-darwin-arm64-0.15.18.tgz",
      "integrity": "sha512-tKPSxcTJ5OmNb1btVikATJ8NftlyNlc8BVNtyT/UAr62JFOhwHlnoPrhYWz09akBLHI9nElFVfWSTSRsrZiDUA==",
      "dev": true,
      "optional": true
    },
    "esbuild-freebsd-64": {
      "version": "0.15.18",
      "resolved": "https://registry.npmjs.org/esbuild-freebsd-64/-/esbuild-freebsd-64-0.15.18.tgz",
      "integrity": "sha512-TT3uBUxkteAjR1QbsmvSsjpKjOX6UkCstr8nMr+q7zi3NuZ1oIpa8U41Y8I8dJH2fJgdC3Dj3CXO5biLQpfdZA==",
      "dev": true,
      "optional": true
    },
    "esbuild-freebsd-arm64": {
      "version": "0.15.18",
      "resolved": "https://registry.npmjs.org/esbuild-freebsd-arm64/-/esbuild-freebsd-arm64-0.15.18.tgz",
      "integrity": "sha512-R/oVr+X3Tkh+S0+tL41wRMbdWtpWB8hEAMsOXDumSSa6qJR89U0S/PpLXrGF7Wk/JykfpWNokERUpCeHDl47wA==",
      "dev": true,
      "optional": true
    },
    "esbuild-linux-32": {
      "version": "0.15.18",
      "resolved": "https://registry.npmjs.org/esbuild-linux-32/-/esbuild-linux-32-0.15.18.tgz",
      "integrity": "sha512-lphF3HiCSYtaa9p1DtXndiQEeQDKPl9eN/XNoBf2amEghugNuqXNZA/ZovthNE2aa4EN43WroO0B85xVSjYkbg==",
      "dev": true,
      "optional": true
    },
    "esbuild-linux-64": {
      "version": "0.15.18",
      "resolved": "https://registry.npmjs.org/esbuild-linux-64/-/esbuild-linux-64-0.15.18.tgz",
      "integrity": "sha512-hNSeP97IviD7oxLKFuii5sDPJ+QHeiFTFLoLm7NZQligur8poNOWGIgpQ7Qf8Balb69hptMZzyOBIPtY09GZYw==",
      "dev": true,
      "optional": true
    },
    "esbuild-linux-arm": {
      "version": "0.15.18",
      "resolved": "https://registry.npmjs.org/esbuild-linux-arm/-/esbuild-linux-arm-0.15.18.tgz",
      "integrity": "sha512-UH779gstRblS4aoS2qpMl3wjg7U0j+ygu3GjIeTonCcN79ZvpPee12Qun3vcdxX+37O5LFxz39XeW2I9bybMVA==",
      "dev": true,
      "optional": true
    },
    "esbuild-linux-arm64": {
      "version": "0.15.18",
      "resolved": "https://registry.npmjs.org/esbuild-linux-arm64/-/esbuild-linux-arm64-0.15.18.tgz",
      "integrity": "sha512-54qr8kg/6ilcxd+0V3h9rjT4qmjc0CccMVWrjOEM/pEcUzt8X62HfBSeZfT2ECpM7104mk4yfQXkosY8Quptug==",
      "dev": true,
      "optional": true
    },
    "esbuild-linux-mips64le": {
      "version": "0.15.18",
      "resolved": "https://registry.npmjs.org/esbuild-linux-mips64le/-/esbuild-linux-mips64le-0.15.18.tgz",
      "integrity": "sha512-Mk6Ppwzzz3YbMl/ZZL2P0q1tnYqh/trYZ1VfNP47C31yT0K8t9s7Z077QrDA/guU60tGNp2GOwCQnp+DYv7bxQ==",
      "dev": true,
      "optional": true
    },
    "esbuild-linux-ppc64le": {
      "version": "0.15.18",
      "resolved": "https://registry.npmjs.org/esbuild-linux-ppc64le/-/esbuild-linux-ppc64le-0.15.18.tgz",
      "integrity": "sha512-b0XkN4pL9WUulPTa/VKHx2wLCgvIAbgwABGnKMY19WhKZPT+8BxhZdqz6EgkqCLld7X5qiCY2F/bfpUUlnFZ9w==",
      "dev": true,
      "optional": true
    },
    "esbuild-linux-riscv64": {
      "version": "0.15.18",
      "resolved": "https://registry.npmjs.org/esbuild-linux-riscv64/-/esbuild-linux-riscv64-0.15.18.tgz",
      "integrity": "sha512-ba2COaoF5wL6VLZWn04k+ACZjZ6NYniMSQStodFKH/Pu6RxzQqzsmjR1t9QC89VYJxBeyVPTaHuBMCejl3O/xg==",
      "dev": true,
      "optional": true
    },
    "esbuild-linux-s390x": {
      "version": "0.15.18",
      "resolved": "https://registry.npmjs.org/esbuild-linux-s390x/-/esbuild-linux-s390x-0.15.18.tgz",
      "integrity": "sha512-VbpGuXEl5FCs1wDVp93O8UIzl3ZrglgnSQ+Hu79g7hZu6te6/YHgVJxCM2SqfIila0J3k0csfnf8VD2W7u2kzQ==",
      "dev": true,
      "optional": true
    },
    "esbuild-netbsd-64": {
      "version": "0.15.18",
      "resolved": "https://registry.npmjs.org/esbuild-netbsd-64/-/esbuild-netbsd-64-0.15.18.tgz",
      "integrity": "sha512-98ukeCdvdX7wr1vUYQzKo4kQ0N2p27H7I11maINv73fVEXt2kyh4K4m9f35U1K43Xc2QGXlzAw0K9yoU7JUjOg==",
      "dev": true,
      "optional": true
    },
    "esbuild-openbsd-64": {
      "version": "0.15.18",
      "resolved": "https://registry.npmjs.org/esbuild-openbsd-64/-/esbuild-openbsd-64-0.15.18.tgz",
      "integrity": "sha512-yK5NCcH31Uae076AyQAXeJzt/vxIo9+omZRKj1pauhk3ITuADzuOx5N2fdHrAKPxN+zH3w96uFKlY7yIn490xQ==",
      "dev": true,
      "optional": true
    },
    "esbuild-sunos-64": {
      "version": "0.15.18",
      "resolved": "https://registry.npmjs.org/esbuild-sunos-64/-/esbuild-sunos-64-0.15.18.tgz",
      "integrity": "sha512-On22LLFlBeLNj/YF3FT+cXcyKPEI263nflYlAhz5crxtp3yRG1Ugfr7ITyxmCmjm4vbN/dGrb/B7w7U8yJR9yw==",
      "dev": true,
      "optional": true
    },
    "esbuild-windows-32": {
      "version": "0.15.18",
      "resolved": "https://registry.npmjs.org/esbuild-windows-32/-/esbuild-windows-32-0.15.18.tgz",
      "integrity": "sha512-o+eyLu2MjVny/nt+E0uPnBxYuJHBvho8vWsC2lV61A7wwTWC3jkN2w36jtA+yv1UgYkHRihPuQsL23hsCYGcOQ==",
      "dev": true,
      "optional": true
    },
    "esbuild-windows-64": {
      "version": "0.15.18",
      "resolved": "https://registry.npmjs.org/esbuild-windows-64/-/esbuild-windows-64-0.15.18.tgz",
      "integrity": "sha512-qinug1iTTaIIrCorAUjR0fcBk24fjzEedFYhhispP8Oc7SFvs+XeW3YpAKiKp8dRpizl4YYAhxMjlftAMJiaUw==",
      "dev": true,
      "optional": true
    },
    "esbuild-windows-arm64": {
      "version": "0.15.18",
      "resolved": "https://registry.npmjs.org/esbuild-windows-arm64/-/esbuild-windows-arm64-0.15.18.tgz",
      "integrity": "sha512-q9bsYzegpZcLziq0zgUi5KqGVtfhjxGbnksaBFYmWLxeV/S1fK4OLdq2DFYnXcLMjlZw2L0jLsk1eGoB522WXQ==",
      "dev": true,
      "optional": true
    },
    "escape-string-regexp": {
      "version": "2.0.0",
      "dev": true
    },
    "expect": {
      "version": "29.3.1",
      "dev": true,
      "requires": {
        "@jest/expect-utils": "^29.3.1",
        "jest-get-type": "^29.2.0",
        "jest-matcher-utils": "^29.3.1",
        "jest-message-util": "^29.3.1",
        "jest-util": "^29.3.1"
      }
    },
    "fill-range": {
      "version": "7.0.1",
      "dev": true,
      "requires": {
        "to-regex-range": "^5.0.1"
      }
    },
    "fsevents": {
      "version": "2.3.2",
      "resolved": "https://registry.npmjs.org/fsevents/-/fsevents-2.3.2.tgz",
      "integrity": "sha512-xiqMQR4xAeHTuB9uWm+fFRcIOgKBMiOBP+eXiyT7jsgVCq1bkVygt00oASowB7EdtpOHaaPgKt812P9ab+DDKA==",
      "dev": true,
      "optional": true
    },
    "get-tsconfig": {
      "version": "4.2.0",
      "resolved": "https://registry.npmjs.org/get-tsconfig/-/get-tsconfig-4.2.0.tgz",
      "integrity": "sha512-X8u8fREiYOE6S8hLbq99PeykTDoLVnxvF4DjWKJmz9xy2nNRdUcV8ZN9tniJFeKyTU3qnC9lL8n4Chd6LmVKHg==",
      "dev": true
    },
    "graceful-fs": {
      "version": "4.2.10",
      "dev": true
    },
    "has-flag": {
      "version": "4.0.0",
      "dev": true
    },
    "is-number": {
      "version": "7.0.0",
      "dev": true
    },
    "jest-diff": {
      "version": "29.3.1",
      "dev": true,
      "requires": {
        "chalk": "^4.0.0",
        "diff-sequences": "^29.3.1",
        "jest-get-type": "^29.2.0",
        "pretty-format": "^29.3.1"
      }
    },
    "jest-get-type": {
      "version": "29.2.0",
      "dev": true
    },
    "jest-matcher-utils": {
      "version": "29.3.1",
      "dev": true,
      "requires": {
        "chalk": "^4.0.0",
        "jest-diff": "^29.3.1",
        "jest-get-type": "^29.2.0",
        "pretty-format": "^29.3.1"
      }
    },
    "jest-message-util": {
      "version": "29.3.1",
      "dev": true,
      "requires": {
        "@babel/code-frame": "^7.12.13",
        "@jest/types": "^29.3.1",
        "@types/stack-utils": "^2.0.0",
        "chalk": "^4.0.0",
        "graceful-fs": "^4.2.9",
        "micromatch": "^4.0.4",
        "pretty-format": "^29.3.1",
        "slash": "^3.0.0",
        "stack-utils": "^2.0.3"
      }
    },
    "jest-util": {
      "version": "29.3.1",
      "dev": true,
      "requires": {
        "@jest/types": "^29.3.1",
        "@types/node": "*",
        "chalk": "^4.0.0",
        "ci-info": "^3.2.0",
        "graceful-fs": "^4.2.9",
        "picomatch": "^2.2.3"
      }
    },
    "js-tokens": {
      "version": "4.0.0",
      "dev": true
    },
    "micromatch": {
      "version": "4.0.5",
      "dev": true,
      "requires": {
        "braces": "^3.0.2",
        "picomatch": "^2.3.1"
      }
    },
    "picomatch": {
      "version": "2.3.1",
      "dev": true
    },
    "pretty-format": {
      "version": "29.3.1",
      "dev": true,
      "requires": {
        "@jest/schemas": "^29.0.0",
        "ansi-styles": "^5.0.0",
        "react-is": "^18.0.0"
      },
      "dependencies": {
        "ansi-styles": {
          "version": "5.2.0",
          "dev": true
        }
      }
    },
    "react-is": {
      "version": "18.2.0",
      "dev": true
    },
    "slash": {
      "version": "3.0.0",
      "dev": true
    },
    "source-map": {
      "version": "0.6.1",
      "resolved": "https://registry.npmjs.org/source-map/-/source-map-0.6.1.tgz",
      "integrity": "sha512-UjgapumWlbMhkBgzT7Ykc5YXUT46F0iKu8SGXq0bcwP5dz/h0Plj6enJqjz1Zbq2l5WaqYnrVbwWOWMyF3F47g==",
      "dev": true
    },
    "source-map-support": {
      "version": "0.5.21",
      "resolved": "https://registry.npmjs.org/source-map-support/-/source-map-support-0.5.21.tgz",
      "integrity": "sha512-uBHU3L3czsIyYXKX88fdrGovxdSCoTGDRZ6SYXtSRxLZUzHg5P/66Ht6uoUlHu9EZod+inXhKo3qQgwXUT/y1w==",
      "dev": true,
      "requires": {
        "buffer-from": "^1.0.0",
        "source-map": "^0.6.0"
      }
    },
    "stack-utils": {
      "version": "2.0.6",
      "dev": true,
      "requires": {
        "escape-string-regexp": "^2.0.0"
      }
    },
    "supports-color": {
      "version": "7.2.0",
      "dev": true,
      "requires": {
        "has-flag": "^4.0.0"
      }
    },
    "to-regex-range": {
      "version": "5.0.1",
      "dev": true,
      "requires": {
        "is-number": "^7.0.0"
      }
    },
    "tsx": {
      "version": "3.12.1",
      "resolved": "https://registry.npmjs.org/tsx/-/tsx-3.12.1.tgz",
      "integrity": "sha512-Rcg1x+rNe7qwlP8j7kx4VjP/pJo/V57k+17hlrn6a7FuQLNwkaw5W4JF75tYornNVCxkXdSUnqlIT8JY/ttvIw==",
      "dev": true,
      "requires": {
        "@esbuild-kit/cjs-loader": "^2.4.0",
        "@esbuild-kit/core-utils": "^3.0.0",
        "@esbuild-kit/esm-loader": "^2.5.0",
        "fsevents": "~2.3.2"
      }
    }
  }
}
